
Microsoft Visual Studio Solution File, Format Version 12.00
# Visual Studio Version 17
VisualStudioVersion = 17.12.35707.178 d17.12
MinimumVisualStudioVersion = 10.0.40219.1
Project("{FAE04EC0-301F-11D3-BF4B-00C04F79EFBC}") = "modul10_103022300104", "modul10_103022300104.csproj", "{F3DC2894-D3CC-4D26-8F05-0757E49AC8BE}"
EndProject
Global
	GlobalSection(SolutionConfigurationPlatforms) = preSolution
		Debug|Any CPU = Debug|Any CPU
		Release|Any CPU = Release|Any CPU
	EndGlobalSection
	GlobalSection(ProjectConfigurationPlatforms) = postSolution
		{F3DC2894-D3CC-4D26-8F05-0757E49AC8BE}.Debug|Any CPU.ActiveCfg = Debug|Any CPU
		{F3DC2894-D3CC-4D26-8F05-0757E49AC8BE}.Debug|Any CPU.Build.0 = Debug|Any CPU
		{F3DC2894-D3CC-4D26-8F05-0757E49AC8BE}.Release|Any CPU.ActiveCfg = Release|Any CPU
		{F3DC2894-D3CC-4D26-8F05-0757E49AC8BE}.Release|Any CPU.Build.0 = Release|Any CPU
	EndGlobalSection
	GlobalSection(SolutionProperties) = preSolution
		HideSolutionNode = FALSE
	EndGlobalSection
EndGlobal
